# THIS IS AN AUTOGENERATED FILE. DO NOT EDIT THIS FILE DIRECTLY.
# yarn lockfile v1


"@hapi/boom@^8.0.1":
  version "8.0.1"
  resolved "https://registry.yarnpkg.com/@hapi/boom/-/boom-8.0.1.tgz#13f1f2f2a3abfb0787c79e35e238c8aff6aa1661"
  integrity sha512-SnBM2GzEYEA6AGFKXBqNLWXR3uNBui0bkmklYXX1gYtevVhDTy2uakwkSauxvIWMtlANGRhzChYg95If3FWCwA==
  dependencies:
    "@hapi/hoek" "8.x.x"

"@hapi/hoek@8.x.x":
  version "8.3.1"
  resolved "https://registry.yarnpkg.com/@hapi/hoek/-/hoek-8.3.1.tgz#227d29efdb158e4a64590224add90c820f94d20e"
  integrity sha512-75ocgnI7HG/I01iGA3/rs0y6PXydUA/kxhFZM0HoT8NLSTnt/J8Gq03iKl4a4B/2A3iMG0ctXtxr5Hg9SGr1gw==
